
Microsoft Visual Studio Solution File, Format Version 12.00
# Visual Studio Version 16
VisualStudioVersion = 16.0.32929.386
MinimumVisualStudioVersion = 10.0.40219.1
Project("{9A19103F-16F7-4668-BE54-9A1E7A4F7556}") = "G19LCD", "G19LCD\G19LCD.csproj", "{D49458B9-9759-47FE-972A-60E5CCCC5B40}"
EndProject
Project("{FAE04EC0-301F-11D3-BF4B-00C04F79EFBC}") = "LCDBitmap", "LCDBitmap\LCDBitmap.csproj", "{40F6D2D6-37A3-43EA-BA07-DF2AE45130CB}"
EndProject
Project("{FAE04EC0-301F-11D3-BF4B-00C04F79EFBC}") = "LogitechG19LCD", "LogitechG19LCD\LogitechG19LCD.csproj", "{E6A3D6E4-F85E-4B73-9217-C62E599E7A2C}"
EndProject
Global
	GlobalSection(SolutionConfigurationPlatforms) = preSolution
		Debug|Any CPU = Debug|Any CPU
		Release|Any CPU = Release|Any CPU
	EndGlobalSection
	GlobalSection(ProjectConfigurationPlatforms) = postSolution
		{D49458B9-9759-47FE-972A-60E5CCCC5B40}.Debug|Any CPU.ActiveCfg = Debug|Any CPU
		{D49458B9-9759-47FE-972A-60E5CCCC5B40}.Debug|Any CPU.Build.0 = Debug|Any CPU
		{D49458B9-9759-47FE-972A-60E5CCCC5B40}.Release|Any CPU.ActiveCfg = Release|Any CPU
		{D49458B9-9759-47FE-972A-60E5CCCC5B40}.Release|Any CPU.Build.0 = Release|Any CPU
		{40F6D2D6-37A3-43EA-BA07-DF2AE45130CB}.Debug|Any CPU.ActiveCfg = Debug|Any CPU
		{40F6D2D6-37A3-43EA-BA07-DF2AE45130CB}.Debug|Any CPU.Build.0 = Debug|Any CPU
		{40F6D2D6-37A3-43EA-BA07-DF2AE45130CB}.Release|Any CPU.ActiveCfg = Release|Any CPU
		{40F6D2D6-37A3-43EA-BA07-DF2AE45130CB}.Release|Any CPU.Build.0 = Release|Any CPU
		{E6A3D6E4-F85E-4B73-9217-C62E599E7A2C}.Debug|Any CPU.ActiveCfg = Debug|Any CPU
		{E6A3D6E4-F85E-4B73-9217-C62E599E7A2C}.Debug|Any CPU.Build.0 = Debug|Any CPU
		{E6A3D6E4-F85E-4B73-9217-C62E599E7A2C}.Release|Any CPU.ActiveCfg = Release|Any CPU
		{E6A3D6E4-F85E-4B73-9217-C62E599E7A2C}.Release|Any CPU.Build.0 = Release|Any CPU
	EndGlobalSection
	GlobalSection(SolutionProperties) = preSolution
		HideSolutionNode = FALSE
	EndGlobalSection
	GlobalSection(ExtensibilityGlobals) = postSolution
		SolutionGuid = {BFBEF797-2A2E-4090-80D0-56C5957A5079}
	EndGlobalSection
EndGlobal
